{
    "_meta": {
        "hash": {
            "sha256": "e1ca96bb381023b65232f7391e4dae6c6d1ef7e92922592079f69afba3020b14"
        },
        "pipfile-spec": 6,
        "requires": {
            "python_version": "3.6"
        },
        "sources": [
            {
                "name": "pypi",
                "url": "https://mirrors.aliyun.com/pypi/simple/",
                "verify_ssl": true
            }
        ]
    },
    "default": {
        "certifi": {
            "hashes": [
                "sha256:78884e7c1d4b00ce3cea67b44566851c4343c120abd683433ce934a68ea58872",
                "sha256:d62a0163eb4c2344ac042ab2bdf75399a71a2d8c7d47eac2e2ee91b9d6339569"
            ],
            "version": "==2021.10.8"
        },
        "charset-normalizer": {
            "hashes": [
                "sha256:876d180e9d7432c5d1dfd4c5d26b72f099d503e8fcc0feb7532c9289be60fcbd",
                "sha256:cb957888737fc0bbcd78e3df769addb41fd1ff8cf950dc9e7ad7793f1bf44455"
            ],
            "markers": "python_version >= '3'",
            "version": "==2.0.10"
        },
        "django": {
            "hashes": [
                "sha256:85e62019366692f1d5afed946ca32fef34c8693edf342ac9d067d75d64faf0ac",
                "sha256:dfa537267d52c6243a62b32855a744ca83c37c70600aacffbfd98bc5d6d8518f"
            ],
            "index": "pypi",
            "version": "==2.2.26"
        },
        "djangorestframework": {
            "hashes": [
                "sha256:0c33407ce23acc68eca2a6e46424b008c9c02eceb8cf18581921d0092bc1f2ee",
                "sha256:24c4bf58ed7e85d1fe4ba250ab2da926d263cd57d64b03e8dcef0ac683f8b1aa"
            ],
            "index": "pypi",
            "version": "==3.13.1"
        },
        "idna": {
            "hashes": [
                "sha256:84d9dd047ffa80596e0f246e2eab0b391788b0503584e8945f2368256d2735ff",
                "sha256:9d643ff0a55b762d5cdb124b8eaa99c66322e2157b69160bc32796e824360e6d"
            ],
            "markers": "python_version >= '3'",
            "version": "==3.3"
        },
        "pycryptodome": {
            "hashes": [
                "sha256:008ef2c631f112cd5a58736e0b29f4a28b4bb853e68878689f8b476fd56e0691",
                "sha256:073dedf0f9c490ae22ca081b86357646ac9b76f3e2bd89119d137fc697a9e3b6",
                "sha256:0896d5d15ffe584d46cb9b69a75cf14a2bc8f6daf635b7bf16c1b041342a44b1",
                "sha256:1fb7a6f222072412f320b9e48d3ce981920efbfce37b06d028ec9bd94093b37f",
                "sha256:4f1b594d0cf35bd12ec4244df1155a7f565bf6e6245976ac36174c1564688c90",
                "sha256:51ebe9624ad0a0b4da1aaaa2d43aabadf8537737fd494cee0ffa37cd6326de02",
                "sha256:681ac47c538c64305d710eaed2bb49532f62b3f4c93aa7c423c520df981392e5",
                "sha256:702446a012fd9337b9327d168bb0c7dc714eb93ad361f6f61af9ca8305a301f1",
                "sha256:720fafdf3e5c5de93039d8308f765cc60b8e9e7e852ad7135aa65dd89238191f",
                "sha256:72de8c4d71e6b11d54528bb924447fa4fdabcbb3d76cc0e7f61d3b6075def6b3",
                "sha256:765b8b16bc1fd699e183dde642c7f2653b8f3c9c1a50051139908e9683f97732",
                "sha256:7a8b0e526ff239b4f4c61dd6898e2474d609843ffc437267f3a27ddff626e6f6",
                "sha256:7b3478a187d897f003b2aa1793bcc59463e8d57a42e2aafbcbbe9cd47ec46863",
                "sha256:857c16bffd938254e3a834cd6b2a755ed24e1a953b1a86e33da136d3e4c16a6f",
                "sha256:88d6d54e83cf9bbd665ce1e7b9079983ee2d97a05f42e0569ff00a70f1dd8b1e",
                "sha256:95bacf9ff7d1b90bba537d3f5f6c834efe6bfbb1a0195cb3573f29e6716ef08d",
                "sha256:9c8e0e6c5e982699801b20fa74f43c19aa080d2b53a39f3c132d35958e153bd4",
                "sha256:9ea70f6c3f6566159e3798e4593a4a8016994a0080ac29a45200615b45091a1b",
                "sha256:b3af53dddf848afb38b3ac2bae7159ddad1feb9bac14aa3acec6ef1797b82f8d",
                "sha256:ca6db61335d07220de0b665bfee7b8e9615b2dfc67a54016db4826dac34c2dd2",
                "sha256:cb9453c981554984c6f5c5ce7682d7286e65e2173d7416114c3593a977a01bf5",
                "sha256:d92a5eddffb0ad39f582f07c1de26e9daf6880e3e782a94bb7ebaf939567f8bf",
                "sha256:deede160bdf87ddb71f0a1314ad5a267b1a960be314ea7dc6b7ad86da6da89a3",
                "sha256:e3affa03c49cce7b0a9501cc7f608d4f8e61fb2522b276d599ac049b5955576d",
                "sha256:e420cdfca73f80fe15f79bb34756959945231a052440813e5fce531e6e96331a",
                "sha256:e468724173df02f9d83f3fea830bf0d04aa291b5add22b4a78e01c97aab04873",
                "sha256:e5d72be02b17e6bd7919555811264403468d1d052fa67c946e402257c3c29a27",
                "sha256:eec02d9199af4b1ccfe1f9c587691a07a1fa39d949d2c1dc69d079ab9af8212f",
                "sha256:f5457e44d3f26d9946091e92b28f3e970a56538b96c87b4b155a84e32a40b7b5",
                "sha256:f7aad304575d075faf2806977b726b67da7ba294adc97d878f92a062e357a56a"
            ],
            "index": "pypi",
            "version": "==3.13.0"
        },
        "pytz": {
            "hashes": [
                "sha256:3672058bc3453457b622aab7a1c3bfd5ab0bdae451512f6cf25f64ed37f5b87c",
                "sha256:acad2d8b20a1af07d4e4c9d2e9285c5ed9104354062f275f3fcd88dcef4f1326"
            ],
            "version": "==2021.3"
        },
        "requests": {
            "hashes": [
                "sha256:68d7c56fd5a8999887728ef304a6d12edc7be74f1cfa47714fc8b414525c9a61",
                "sha256:f22fa1e554c9ddfd16e6e41ac79759e17be9e492b3587efa038054674760e72d"
            ],
            "index": "pypi",
            "version": "==2.27.1"
        },
        "sqlparse": {
            "hashes": [
                "sha256:0c00730c74263a94e5a9919ade150dfc3b19c574389985446148402998287dae",
                "sha256:48719e356bb8b42991bdbb1e8b83223757b93789c00910a616a071910ca4a64d"
            ],
            "version": "==0.4.2"
        },
        "urllib3": {
            "hashes": [
                "sha256:000ca7f471a233c2251c6c7023ee85305721bfdf18621ebff4fd17a8653427ed",
                "sha256:0e7c33d9a63e7ddfcb86780aac87befc2fbddf46c58dbb487e0855f7ceec283c"
            ],
            "version": "==1.26.8"
        }
    },
    "develop": {
        "autopep8": {
            "hashes": [
                "sha256:44f0932855039d2c15c4510d6df665e4730f2b8582704fa48f9c55bd3e17d979",
                "sha256:ed77137193bbac52d029a52c59bec1b0629b5a186c495f1eb21b126ac466083f"
            ],
            "index": "pypi",
            "version": "==1.6.0"
        },
        "flake8": {
            "hashes": [
                "sha256:479b1304f72536a55948cb40a32dce8bb0ffe3501e26eaf292c7e60eb5e0428d",
                "sha256:806e034dda44114815e23c16ef92f95c91e4c71100ff52813adf7132a6ad870d"
            ],
            "index": "pypi",
            "version": "==4.0.1"
        },
        "importlib-metadata": {
            "hashes": [
                "sha256:057e92c15bc8d9e8109738a48db0ccb31b4d9d5cfbee5a8670879a30be66304b",
                "sha256:b7e52a1f8dec14a75ea73e0891f3060099ca1d8e6a462a4dff11c3e119ea1b31"
            ],
            "markers": "python_version < '3.8'",
            "version": "==4.2.0"
        },
        "mccabe": {
            "hashes": [
                "sha256:ab8a6258860da4b6677da4bd2fe5dc2c659cff31b3ee4f7f5d64e79735b80d42",
                "sha256:dd8d182285a0fe56bace7f45b5e7d1a6ebcbf524e8f3bd87eb0f125271b8831f"
            ],
            "version": "==0.6.1"
        },
        "pycodestyle": {
            "hashes": [
                "sha256:720f8b39dde8b293825e7ff02c475f3077124006db4f440dcbc9a20b76548a20",
                "sha256:eddd5847ef438ea1c7870ca7eb78a9d47ce0cdb4851a5523949f2601d0cbbe7f"
            ],
            "version": "==2.8.0"
        },
        "pyflakes": {
            "hashes": [
                "sha256:05a85c2872edf37a4ed30b0cce2f6093e1d0581f8c19d7393122da7e25b2b24c",
                "sha256:3bb3a3f256f4b7968c9c788781e4ff07dce46bdf12339dcda61053375426ee2e"
            ],
            "version": "==2.4.0"
        },
        "toml": {
            "hashes": [
                "sha256:806143ae5bfb6a3c6e736a764057db0e6a0e05e338b5630894a5f779cabb4f9b",
                "sha256:b3bda1d108d5dd99f4a20d24d9c348e91c4db7ab1b749200bded2f839ccbe68f"
            ],
            "version": "==0.10.2"
        },
        "typing-extensions": {
            "hashes": [
                "sha256:4ca091dea149f945ec56afb48dae714f21e8692ef22a395223bcd328961b6a0e",
                "sha256:7f001e5ac290a0c0401508864c7ec868be4e701886d5b573a9528ed3973d9d3b"
            ],
            "markers": "python_version < '3.8'",
            "version": "==4.0.1"
        },
        "zipp": {
            "hashes": [
                "sha256:71c644c5369f4a6e07636f0aa966270449561fcea2e3d6747b8d23efaa9d7832",
                "sha256:9fe5ea21568a0a70e50f273397638d39b03353731e6cbbb3fd8502a33fec40bc"
            ],
            "version": "==3.6.0"
        }
    }
}
