{
    "_meta": {
        "hash": {
            "sha256": "d2ffe4c8d124550e3c6765a66523e166dd1b27ee99a959307220ba28819e1074"
        },
        "pipfile-spec": 6,
        "requires": {
            "python_version": "3.6"
        },
        "sources": [
            {
                "name": "pypi",
                "url": "https://pypi.org/simple",
                "verify_ssl": true
            }
        ]
    },
    "default": {
        "django": {
            "hashes": [
                "sha256:edf0ecf6657713b0435b6757e6069466925cae70d634a3283c96b80c01e06191",
                "sha256:f2250bd35d0f6c23e930c544629934144e5dd39a4c06092e1050c731c1712ba8"
            ],
            "index": "pypi",
            "version": "==2.2.14"
        },
        "django-codemirror2": {
            "hashes": [
                "sha256:5ab23891d410206ee36e1b8f834b17ff2eab7a5b82238b22eaa82e26c92c5ea5"
            ],
            "index": "pypi",
            "version": "==0.2"
        },
        "django-cors-headers": {
            "hashes": [
                "sha256:5240062ef0b16668ce8a5f43324c388d65f5439e1a30e22c38684d5ddaff0d15",
                "sha256:f5218f2f0bb1210563ff87687afbf10786e080d8494a248e705507ebd92d7153"
            ],
            "version": "==3.4.0"
        },
        "django-cte": {
            "hashes": [
                "sha256:54e32f19162c58d8e7c8919d7243e5a536ca7dd62bae245219a769008df5d458",
                "sha256:be29d81c6104138c19da7b994724a76e5436b9f36d1c880b3f0c5bf2d2e1b94a"
            ],
            "version": "==1.1.4"
        },
        "django-js-asset": {
            "hashes": [
                "sha256:8ec12017f26eec524cab436c64ae73033368a372970af4cf42d9354fcb166bdd",
                "sha256:c163ae80d2e0b22d8fb598047cd0dcef31f81830e127cfecae278ad574167260"
            ],
            "version": "==1.2.2"
        },
        "django-mptt": {
            "hashes": [
                "sha256:18a41d1b56ca7c02a5b04d246e33ee2d18f6ee5459c02ed1d945f5abdef23a2e",
                "sha256:689a04cce0981671d6061a9928c33a16b47abb0d4cd43cf7dec31ae284fdae9d"
            ],
            "version": "==0.9.1"
        },
        "django-river": {
            "hashes": [
                "sha256:090b546a6695c57cc7ebed3406ca4c16f1ef2d45d3804ac5ff4317f84c47d37a",
                "sha256:ebde772ce5f498f4e92be2573af76e003c30e532bfb76c87725deda7501b174a"
            ],
            "index": "pypi",
            "version": "==3.2.2"
        },
        "djangorestframework": {
            "hashes": [
                "sha256:05809fc66e1c997fd9a32ea5730d9f4ba28b109b9da71fccfa5ff241201fd0a4",
                "sha256:e782087823c47a26826ee5b6fa0c542968219263fb3976ec3c31edab23a4001f"
            ],
            "version": "==3.11.0"
        },
        "mock": {
            "hashes": [
                "sha256:3f9b2c0196c60d21838f307f5825a7b86b678cedc58ab9e50a8988187b4d81e0",
                "sha256:dd33eb70232b6118298d516bbcecd26704689c386594f0f3c4f13867b2c56f72"
            ],
            "version": "==4.0.2"
        },
        "pytz": {
            "hashes": [
                "sha256:a494d53b6d39c3c6e44c3bec237336e14305e4f29bbf800b599253057fbb79ed",
                "sha256:c35965d010ce31b23eeb663ed3cc8c906275d6be1a34393a1d73a41febf4a048"
            ],
            "version": "==2020.1"
        },
        "river-admin": {
            "hashes": [
                "sha256:92b7cbcb041cd58716a8509b86aeae74bf1ae7c4904c33d17023e5d6fa2db1d1",
                "sha256:e03523299539a09293292493d024e85e053704bc60bd3d068e6ff944a66481fe"
            ],
            "index": "pypi",
            "version": "==0.6.0"
        },
        "six": {
            "hashes": [
                "sha256:30639c035cdb23534cd4aa2dd52c3bf48f06e5f4a941509c8bafd8ce11080259",
                "sha256:8b74bedcbbbaca38ff6d7491d76f2b06b3592611af620f8426e82dddb04a5ced"
            ],
            "index": "pypi",
            "version": "==1.15.0"
        },
        "sqlparse": {
            "hashes": [
                "sha256:022fb9c87b524d1f7862b3037e541f68597a730a8843245c349fc93e1643dc4e",
                "sha256:e162203737712307dfe78860cc56c8da8a852ab2ee33750e33aeadf38d12c548"
            ],
            "version": "==0.3.1"
        }
    },
    "develop": {}
}
